// !$*UTF8*$!
{
	archiveVersion = 1;
	classes = {
	};
	objectVersion = 56;
	objects = {

/* Begin PBXBuildFile section */
		040353E52A28F6D500FFC16A /* DishPortraitCollectionViewCell.swift in Sources */ = {isa = PBXBuildFile; fileRef = 040353E32A28F6D500FFC16A /* DishPortraitCollectionViewCell.swift */; };
		040353E62A28F6D500FFC16A /* DishPortraitCollectionViewCell.xib in Resources */ = {isa = PBXBuildFile; fileRef = 040353E42A28F6D500FFC16A /* DishPortraitCollectionViewCell.xib */; };
		040353E82A293B4900FFC16A /* Dish.swift in Sources */ = {isa = PBXBuildFile; fileRef = 040353E72A293B4900FFC16A /* Dish.swift */; };
		041113B629E77AFD004E2603 /* OnboardingViewController.swift in Sources */ = {isa = PBXBuildFile; fileRef = 041113B529E77AFD004E2603 /* OnboardingViewController.swift */; };
		041113BB29E78CCC004E2603 /* UIView+Extension.swift in Sources */ = {isa = PBXBuildFile; fileRef = 041113BA29E78CCC004E2603 /* UIView+Extension.swift */; };
		041113BD29E78E07004E2603 /* OnboardingSlide.swift in Sources */ = {isa = PBXBuildFile; fileRef = 041113BC29E78E07004E2603 /* OnboardingSlide.swift */; };
		041113BF29E79259004E2603 /* OnboardingCollectionViewCell.swift in Sources */ = {isa = PBXBuildFile; fileRef = 041113BE29E79259004E2603 /* OnboardingCollectionViewCell.swift */; };
		041D55EE2A36F22B004B6AEE /* ApiResponse.swift in Sources */ = {isa = PBXBuildFile; fileRef = 041D55ED2A36F22B004B6AEE /* ApiResponse.swift */; };
		045480DE2A3D092D00552725 /* SettingsViewController.swift in Sources */ = {isa = PBXBuildFile; fileRef = 045480DD2A3D092D00552725 /* SettingsViewController.swift */; };
		045740282A27744200696F87 /* CardView.swift in Sources */ = {isa = PBXBuildFile; fileRef = 045740272A27744200696F87 /* CardView.swift */; };
		046E6A3C2A361D7A00C84E6D /* AppError.swift in Sources */ = {isa = PBXBuildFile; fileRef = 046E6A3B2A361D7A00C84E6D /* AppError.swift */; };
		04707EA22A31BC0000F9AE1E /* ListOrdersViewController.swift in Sources */ = {isa = PBXBuildFile; fileRef = 04707EA12A31BC0000F9AE1E /* ListOrdersViewController.swift */; };
		04707EA42A31BEFE00F9AE1E /* Order.swift in Sources */ = {isa = PBXBuildFile; fileRef = 04707EA32A31BEFE00F9AE1E /* Order.swift */; };
		047CC5DD2A38ADD5000215B9 /* AllDihes.swift in Sources */ = {isa = PBXBuildFile; fileRef = 047CC5DC2A38ADD5000215B9 /* AllDihes.swift */; };
		048AA2E52A29D66C0052181F /* DishLandScapeCollectionViewCell.swift in Sources */ = {isa = PBXBuildFile; fileRef = 048AA2E32A29D66C0052181F /* DishLandScapeCollectionViewCell.swift */; };
		048AA2E62A29D66C0052181F /* DishLandScapeCollectionViewCell.xib in Resources */ = {isa = PBXBuildFile; fileRef = 048AA2E42A29D66C0052181F /* DishLandScapeCollectionViewCell.xib */; };
		048B4D522A35093900B1EFC1 /* NetworkService.swift in Sources */ = {isa = PBXBuildFile; fileRef = 048B4D512A35093900B1EFC1 /* NetworkService.swift */; };
		048B4D542A350A7700B1EFC1 /* Route.swift in Sources */ = {isa = PBXBuildFile; fileRef = 048B4D532A350A7700B1EFC1 /* Route.swift */; };
		048B4D562A350BD100B1EFC1 /* Method.swift in Sources */ = {isa = PBXBuildFile; fileRef = 048B4D552A350BD100B1EFC1 /* Method.swift */; };
		049848602A2DEA52004AD938 /* DishDetailViewController.swift in Sources */ = {isa = PBXBuildFile; fileRef = 0498485F2A2DEA52004AD938 /* DishDetailViewController.swift */; };
		049A187C2A2626CA00E3554E /* HomeViewController.swift in Sources */ = {isa = PBXBuildFile; fileRef = 049A187B2A2626CA00E3554E /* HomeViewController.swift */; };
		04A1226F2A2F0C3F009A52EB /* UIViewController+Extension.swift in Sources */ = {isa = PBXBuildFile; fileRef = 04A1226E2A2F0C3F009A52EB /* UIViewController+Extension.swift */; };
		04A84EB62A27278000F00F2E /* CategoryCollectionViewCell.swift in Sources */ = {isa = PBXBuildFile; fileRef = 04A84EB42A27278000F00F2E /* CategoryCollectionViewCell.swift */; };
		04A84EB72A27278000F00F2E /* CategoryCollectionViewCell.xib in Resources */ = {isa = PBXBuildFile; fileRef = 04A84EB52A27278000F00F2E /* CategoryCollectionViewCell.xib */; };
		04A84EB92A2729E000F00F2E /* DishCategory.swift in Sources */ = {isa = PBXBuildFile; fileRef = 04A84EB82A2729E000F00F2E /* DishCategory.swift */; };
		04A84EBB2A27306000F00F2E /* String+Extension.swift in Sources */ = {isa = PBXBuildFile; fileRef = 04A84EBA2A27306000F00F2E /* String+Extension.swift */; };
		04B2D7492A30A5EA00EC32E6 /* DishListTableViewCell.swift in Sources */ = {isa = PBXBuildFile; fileRef = 04B2D7472A30A5EA00EC32E6 /* DishListTableViewCell.swift */; };
		04B2D74A2A30A5EA00EC32E6 /* DishListTableViewCell.xib in Resources */ = {isa = PBXBuildFile; fileRef = 04B2D7482A30A5EA00EC32E6 /* DishListTableViewCell.xib */; };
		04B2D74D2A30AB1700EC32E6 /* ListDishesViewController.swift in Sources */ = {isa = PBXBuildFile; fileRef = 04B2D74C2A30AB1700EC32E6 /* ListDishesViewController.swift */; };
		04B5104929E6662500D3F81E /* AppDelegate.swift in Sources */ = {isa = PBXBuildFile; fileRef = 04B5104829E6662500D3F81E /* AppDelegate.swift */; };
		04B5104B29E6662500D3F81E /* SceneDelegate.swift in Sources */ = {isa = PBXBuildFile; fileRef = 04B5104A29E6662500D3F81E /* SceneDelegate.swift */; };
		04B5105029E6662500D3F81E /* Main.storyboard in Resources */ = {isa = PBXBuildFile; fileRef = 04B5104E29E6662500D3F81E /* Main.storyboard */; };
		04B5105329E6662600D3F81E /* Foody.xcdatamodeld in Sources */ = {isa = PBXBuildFile; fileRef = 04B5105129E6662600D3F81E /* Foody.xcdatamodeld */; };
		04B5105529E6662700D3F81E /* Assets.xcassets in Resources */ = {isa = PBXBuildFile; fileRef = 04B5105429E6662700D3F81E /* Assets.xcassets */; };
		04B5105829E6662700D3F81E /* LaunchScreen.storyboard in Resources */ = {isa = PBXBuildFile; fileRef = 04B5105629E6662700D3F81E /* LaunchScreen.storyboard */; };
		04B993782A39A6CA00097379 /* UserDefualts+Extension.swift in Sources */ = {isa = PBXBuildFile; fileRef = 04B993772A39A6CA00097379 /* UserDefualts+Extension.swift */; };
		3A5A425F74972228D61FF798 /* Pods_Foody.framework in Frameworks */ = {isa = PBXBuildFile; fileRef = B3740DD562BBB84B74F1FD8D /* Pods_Foody.framework */; };
/* End PBXBuildFile section */

/* Begin PBXFileReference section */
		040353E32A28F6D500FFC16A /* DishPortraitCollectionViewCell.swift */ = {isa = PBXFileReference; lastKnownFileType = sourcecode.swift; path = DishPortraitCollectionViewCell.swift; sourceTree = "<group>"; };
		040353E42A28F6D500FFC16A /* DishPortraitCollectionViewCell.xib */ = {isa = PBXFileReference; lastKnownFileType = file.xib; path = DishPortraitCollectionViewCell.xib; sourceTree = "<group>"; };
		040353E72A293B4900FFC16A /* Dish.swift */ = {isa = PBXFileReference; lastKnownFileType = sourcecode.swift; path = Dish.swift; sourceTree = "<group>"; };
		041113B529E77AFD004E2603 /* OnboardingViewController.swift */ = {isa = PBXFileReference; lastKnownFileType = sourcecode.swift; path = OnboardingViewController.swift; sourceTree = "<group>"; };
		041113BA29E78CCC004E2603 /* UIView+Extension.swift */ = {isa = PBXFileReference; lastKnownFileType = sourcecode.swift; path = "UIView+Extension.swift"; sourceTree = "<group>"; };
		041113BC29E78E07004E2603 /* OnboardingSlide.swift */ = {isa = PBXFileReference; lastKnownFileType = sourcecode.swift; path = OnboardingSlide.swift; sourceTree = "<group>"; };
		041113BE29E79259004E2603 /* OnboardingCollectionViewCell.swift */ = {isa = PBXFileReference; lastKnownFileType = sourcecode.swift; path = OnboardingCollectionViewCell.swift; sourceTree = "<group>"; };
		041D55ED2A36F22B004B6AEE /* ApiResponse.swift */ = {isa = PBXFileReference; lastKnownFileType = sourcecode.swift; path = ApiResponse.swift; sourceTree = "<group>"; };
		045480DD2A3D092D00552725 /* SettingsViewController.swift */ = {isa = PBXFileReference; lastKnownFileType = sourcecode.swift; path = SettingsViewController.swift; sourceTree = "<group>"; };
		045740272A27744200696F87 /* CardView.swift */ = {isa = PBXFileReference; lastKnownFileType = sourcecode.swift; path = CardView.swift; sourceTree = "<group>"; };
		046E6A3B2A361D7A00C84E6D /* AppError.swift */ = {isa = PBXFileReference; lastKnownFileType = sourcecode.swift; path = AppError.swift; sourceTree = "<group>"; };
		04707EA12A31BC0000F9AE1E /* ListOrdersViewController.swift */ = {isa = PBXFileReference; lastKnownFileType = sourcecode.swift; path = ListOrdersViewController.swift; sourceTree = "<group>"; };
		04707EA32A31BEFE00F9AE1E /* Order.swift */ = {isa = PBXFileReference; lastKnownFileType = sourcecode.swift; path = Order.swift; sourceTree = "<group>"; };
		047CC5DC2A38ADD5000215B9 /* AllDihes.swift */ = {isa = PBXFileReference; lastKnownFileType = sourcecode.swift; path = AllDihes.swift; sourceTree = "<group>"; };
		048AA2E32A29D66C0052181F /* DishLandScapeCollectionViewCell.swift */ = {isa = PBXFileReference; lastKnownFileType = sourcecode.swift; path = DishLandScapeCollectionViewCell.swift; sourceTree = "<group>"; };
		048AA2E42A29D66C0052181F /* DishLandScapeCollectionViewCell.xib */ = {isa = PBXFileReference; lastKnownFileType = file.xib; path = DishLandScapeCollectionViewCell.xib; sourceTree = "<group>"; };
		048B4D512A35093900B1EFC1 /* NetworkService.swift */ = {isa = PBXFileReference; lastKnownFileType = sourcecode.swift; path = NetworkService.swift; sourceTree = "<group>"; };
		048B4D532A350A7700B1EFC1 /* Route.swift */ = {isa = PBXFileReference; lastKnownFileType = sourcecode.swift; path = Route.swift; sourceTree = "<group>"; };
		048B4D552A350BD100B1EFC1 /* Method.swift */ = {isa = PBXFileReference; lastKnownFileType = sourcecode.swift; path = Method.swift; sourceTree = "<group>"; };
		0498485F2A2DEA52004AD938 /* DishDetailViewController.swift */ = {isa = PBXFileReference; lastKnownFileType = sourcecode.swift; path = DishDetailViewController.swift; sourceTree = "<group>"; };
		049A187B2A2626CA00E3554E /* HomeViewController.swift */ = {isa = PBXFileReference; lastKnownFileType = sourcecode.swift; path = HomeViewController.swift; sourceTree = "<group>"; };
		04A1226E2A2F0C3F009A52EB /* UIViewController+Extension.swift */ = {isa = PBXFileReference; lastKnownFileType = sourcecode.swift; path = "UIViewController+Extension.swift"; sourceTree = "<group>"; };
		04A84EB42A27278000F00F2E /* CategoryCollectionViewCell.swift */ = {isa = PBXFileReference; lastKnownFileType = sourcecode.swift; path = CategoryCollectionViewCell.swift; sourceTree = "<group>"; };
		04A84EB52A27278000F00F2E /* CategoryCollectionViewCell.xib */ = {isa = PBXFileReference; lastKnownFileType = file.xib; path = CategoryCollectionViewCell.xib; sourceTree = "<group>"; };
		04A84EB82A2729E000F00F2E /* DishCategory.swift */ = {isa = PBXFileReference; lastKnownFileType = sourcecode.swift; path = DishCategory.swift; sourceTree = "<group>"; };
		04A84EBA2A27306000F00F2E /* String+Extension.swift */ = {isa = PBXFileReference; lastKnownFileType = sourcecode.swift; path = "String+Extension.swift"; sourceTree = "<group>"; };
		04B2D7472A30A5EA00EC32E6 /* DishListTableViewCell.swift */ = {isa = PBXFileReference; lastKnownFileType = sourcecode.swift; path = DishListTableViewCell.swift; sourceTree = "<group>"; };
		04B2D7482A30A5EA00EC32E6 /* DishListTableViewCell.xib */ = {isa = PBXFileReference; lastKnownFileType = file.xib; path = DishListTableViewCell.xib; sourceTree = "<group>"; };
		04B2D74C2A30AB1700EC32E6 /* ListDishesViewController.swift */ = {isa = PBXFileReference; lastKnownFileType = sourcecode.swift; path = ListDishesViewController.swift; sourceTree = "<group>"; };
		04B5104529E6662500D3F81E /* Foody.app */ = {isa = PBXFileReference; explicitFileType = wrapper.application; includeInIndex = 0; path = Foody.app; sourceTree = BUILT_PRODUCTS_DIR; };
		04B5104829E6662500D3F81E /* AppDelegate.swift */ = {isa = PBXFileReference; lastKnownFileType = sourcecode.swift; path = AppDelegate.swift; sourceTree = "<group>"; };
		04B5104A29E6662500D3F81E /* SceneDelegate.swift */ = {isa = PBXFileReference; lastKnownFileType = sourcecode.swift; path = SceneDelegate.swift; sourceTree = "<group>"; };
		04B5104F29E6662500D3F81E /* Base */ = {isa = PBXFileReference; lastKnownFileType = file.storyboard; name = Base; path = Base.lproj/Main.storyboard; sourceTree = "<group>"; };
		04B5105229E6662600D3F81E /* Foody.xcdatamodel */ = {isa = PBXFileReference; lastKnownFileType = wrapper.xcdatamodel; path = Foody.xcdatamodel; sourceTree = "<group>"; };
		04B5105429E6662700D3F81E /* Assets.xcassets */ = {isa = PBXFileReference; lastKnownFileType = folder.assetcatalog; path = Assets.xcassets; sourceTree = "<group>"; };
		04B5105729E6662700D3F81E /* Base */ = {isa = PBXFileReference; lastKnownFileType = file.storyboard; name = Base; path = Base.lproj/LaunchScreen.storyboard; sourceTree = "<group>"; };
		04B5105929E6662700D3F81E /* Info.plist */ = {isa = PBXFileReference; lastKnownFileType = text.plist.xml; path = Info.plist; sourceTree = "<group>"; };
		04B993772A39A6CA00097379 /* UserDefualts+Extension.swift */ = {isa = PBXFileReference; lastKnownFileType = sourcecode.swift; path = "UserDefualts+Extension.swift"; sourceTree = "<group>"; };
		33F7B2EEFCECEE38AFEE0E32 /* Pods-Foody.debug.xcconfig */ = {isa = PBXFileReference; includeInIndex = 1; lastKnownFileType = text.xcconfig; name = "Pods-Foody.debug.xcconfig"; path = "Target Support Files/Pods-Foody/Pods-Foody.debug.xcconfig"; sourceTree = "<group>"; };
		B3740DD562BBB84B74F1FD8D /* Pods_Foody.framework */ = {isa = PBXFileReference; explicitFileType = wrapper.framework; includeInIndex = 0; path = Pods_Foody.framework; sourceTree = BUILT_PRODUCTS_DIR; };
		F5533367AB06044762D667EC /* Pods-Foody.release.xcconfig */ = {isa = PBXFileReference; includeInIndex = 1; lastKnownFileType = text.xcconfig; name = "Pods-Foody.release.xcconfig"; path = "Target Support Files/Pods-Foody/Pods-Foody.release.xcconfig"; sourceTree = "<group>"; };
/* End PBXFileReference section */

/* Begin PBXFrameworksBuildPhase section */
		04B5104229E6662500D3F81E /* Frameworks */ = {
			isa = PBXFrameworksBuildPhase;
			buildActionMask = 2147483647;
			files = (
				3A5A425F74972228D61FF798 /* Pods_Foody.framework in Frameworks */,
			);
			runOnlyForDeploymentPostprocessing = 0;
		};
/* End PBXFrameworksBuildPhase section */

/* Begin PBXGroup section */
		040353E22A28F69300FFC16A /* PopularDihesCollectionViewCell */ = {
			isa = PBXGroup;
			children = (
				040353E32A28F6D500FFC16A /* DishPortraitCollectionViewCell.swift */,
				040353E42A28F6D500FFC16A /* DishPortraitCollectionViewCell.xib */,
			);
			path = PopularDihesCollectionViewCell;
			sourceTree = "<group>";
		};
		041113B129E77A66004E2603 /* Models */ = {
			isa = PBXGroup;
			children = (
				041113BC29E78E07004E2603 /* OnboardingSlide.swift */,
				04A84EB82A2729E000F00F2E /* DishCategory.swift */,
				040353E72A293B4900FFC16A /* Dish.swift */,
				04707EA32A31BEFE00F9AE1E /* Order.swift */,
				047CC5DC2A38ADD5000215B9 /* AllDihes.swift */,
			);
			path = Models;
			sourceTree = "<group>";
		};
		041113B229E77A74004E2603 /* Views */ = {
			isa = PBXGroup;
			children = (
				04707EA02A31BBDA00F9AE1E /* ListOrders */,
				04B2D74B2A30AADE00EC32E6 /* ListDishes */,
				0498485E2A2DEA21004AD938 /* DishDetail */,
				049A187A2A26267100E3554E /* Home */,
				041113B429E77AB1004E2603 /* Onboarding */,
				045480DD2A3D092D00552725 /* SettingsViewController.swift */,
			);
			path = Views;
			sourceTree = "<group>";
		};
		041113B329E77A7F004E2603 /* CustomViews */ = {
			isa = PBXGroup;
			children = (
				04B2D7452A30A58300EC32E6 /* TableViewCells */,
				045740262A27741600696F87 /* CardView */,
				04A84EB22A2726F500F00F2E /* CollectionViewCells */,
			);
			path = CustomViews;
			sourceTree = "<group>";
		};
		041113B429E77AB1004E2603 /* Onboarding */ = {
			isa = PBXGroup;
			children = (
				041113B529E77AFD004E2603 /* OnboardingViewController.swift */,
				041113BE29E79259004E2603 /* OnboardingCollectionViewCell.swift */,
			);
			path = Onboarding;
			sourceTree = "<group>";
		};
		041113B929E780A9004E2603 /* Extensions */ = {
			isa = PBXGroup;
			children = (
				041113BA29E78CCC004E2603 /* UIView+Extension.swift */,
				04A84EBA2A27306000F00F2E /* String+Extension.swift */,
				04A1226E2A2F0C3F009A52EB /* UIViewController+Extension.swift */,
				04B993772A39A6CA00097379 /* UserDefualts+Extension.swift */,
			);
			path = Extensions;
			sourceTree = "<group>";
		};
		042DA48B2A34664800FFEE01 /* Networking */ = {
			isa = PBXGroup;
			children = (
				048B4D512A35093900B1EFC1 /* NetworkService.swift */,
				048B4D532A350A7700B1EFC1 /* Route.swift */,
				048B4D552A350BD100B1EFC1 /* Method.swift */,
				046E6A3B2A361D7A00C84E6D /* AppError.swift */,
				041D55ED2A36F22B004B6AEE /* ApiResponse.swift */,
			);
			path = Networking;
			sourceTree = "<group>";
		};
		045740262A27741600696F87 /* CardView */ = {
			isa = PBXGroup;
			children = (
				045740272A27744200696F87 /* CardView.swift */,
			);
			path = CardView;
			sourceTree = "<group>";
		};
		04707EA02A31BBDA00F9AE1E /* ListOrders */ = {
			isa = PBXGroup;
			children = (
				04707EA12A31BC0000F9AE1E /* ListOrdersViewController.swift */,
			);
			path = ListOrders;
			sourceTree = "<group>";
		};
		048AA2E22A29D5970052181F /* MostOrderedCollectionViewCell */ = {
			isa = PBXGroup;
			children = (
				048AA2E32A29D66C0052181F /* DishLandScapeCollectionViewCell.swift */,
				048AA2E42A29D66C0052181F /* DishLandScapeCollectionViewCell.xib */,
			);
			path = MostOrderedCollectionViewCell;
			sourceTree = "<group>";
		};
		0498485E2A2DEA21004AD938 /* DishDetail */ = {
			isa = PBXGroup;
			children = (
				0498485F2A2DEA52004AD938 /* DishDetailViewController.swift */,
			);
			path = DishDetail;
			sourceTree = "<group>";
		};
		049A187A2A26267100E3554E /* Home */ = {
			isa = PBXGroup;
			children = (
				049A187B2A2626CA00E3554E /* HomeViewController.swift */,
			);
			path = Home;
			sourceTree = "<group>";
		};
		04A84EB22A2726F500F00F2E /* CollectionViewCells */ = {
			isa = PBXGroup;
			children = (
				048AA2E22A29D5970052181F /* MostOrderedCollectionViewCell */,
				040353E22A28F69300FFC16A /* PopularDihesCollectionViewCell */,
				04A84EB32A27273100F00F2E /* CategoryCollectionViewCell */,
			);
			path = CollectionViewCells;
			sourceTree = "<group>";
		};
		04A84EB32A27273100F00F2E /* CategoryCollectionViewCell */ = {
			isa = PBXGroup;
			children = (
				04A84EB42A27278000F00F2E /* CategoryCollectionViewCell.swift */,
				04A84EB52A27278000F00F2E /* CategoryCollectionViewCell.xib */,
			);
			path = CategoryCollectionViewCell;
			sourceTree = "<group>";
		};
		04B2D7452A30A58300EC32E6 /* TableViewCells */ = {
			isa = PBXGroup;
			children = (
				04B2D7462A30A5A400EC32E6 /* DishTableViewCell */,
			);
			path = TableViewCells;
			sourceTree = "<group>";
		};
		04B2D7462A30A5A400EC32E6 /* DishTableViewCell */ = {
			isa = PBXGroup;
			children = (
				04B2D7472A30A5EA00EC32E6 /* DishListTableViewCell.swift */,
				04B2D7482A30A5EA00EC32E6 /* DishListTableViewCell.xib */,
			);
			path = DishTableViewCell;
			sourceTree = "<group>";
		};
		04B2D74B2A30AADE00EC32E6 /* ListDishes */ = {
			isa = PBXGroup;
			children = (
				04B2D74C2A30AB1700EC32E6 /* ListDishesViewController.swift */,
			);
			path = ListDishes;
			sourceTree = "<group>";
		};
		04B5103C29E6662500D3F81E = {
			isa = PBXGroup;
			children = (
				04B5104729E6662500D3F81E /* Foody */,
				04B5104629E6662500D3F81E /* Products */,
				C5119FEE5D4C2BCFAF892819 /* Pods */,
				7BC6CD6952AEDD604556358F /* Frameworks */,
			);
			sourceTree = "<group>";
		};
		04B5104629E6662500D3F81E /* Products */ = {
			isa = PBXGroup;
			children = (
				04B5104529E6662500D3F81E /* Foody.app */,
			);
			name = Products;
			sourceTree = "<group>";
		};
		04B5104729E6662500D3F81E /* Foody */ = {
			isa = PBXGroup;
			children = (
				042DA48B2A34664800FFEE01 /* Networking */,
				041113B929E780A9004E2603 /* Extensions */,
				041113B329E77A7F004E2603 /* CustomViews */,
				041113B229E77A74004E2603 /* Views */,
				041113B129E77A66004E2603 /* Models */,
				04B5104829E6662500D3F81E /* AppDelegate.swift */,
				04B5104A29E6662500D3F81E /* SceneDelegate.swift */,
				04B5104E29E6662500D3F81E /* Main.storyboard */,
				04B5105429E6662700D3F81E /* Assets.xcassets */,
				04B5105629E6662700D3F81E /* LaunchScreen.storyboard */,
				04B5105929E6662700D3F81E /* Info.plist */,
				04B5105129E6662600D3F81E /* Foody.xcdatamodeld */,
			);
			path = Foody;
			sourceTree = "<group>";
		};
		7BC6CD6952AEDD604556358F /* Frameworks */ = {
			isa = PBXGroup;
			children = (
				B3740DD562BBB84B74F1FD8D /* Pods_Foody.framework */,
			);
			name = Frameworks;
			sourceTree = "<group>";
		};
		C5119FEE5D4C2BCFAF892819 /* Pods */ = {
			isa = PBXGroup;
			children = (
				33F7B2EEFCECEE38AFEE0E32 /* Pods-Foody.debug.xcconfig */,
				F5533367AB06044762D667EC /* Pods-Foody.release.xcconfig */,
			);
			path = Pods;
			sourceTree = "<group>";
		};
/* End PBXGroup section */

/* Begin PBXNativeTarget section */
		04B5104429E6662500D3F81E /* Foody */ = {
			isa = PBXNativeTarget;
			buildConfigurationList = 04B5105C29E6662700D3F81E /* Build configuration list for PBXNativeTarget "Foody" */;
			buildPhases = (
				CE4247E819DD62F65B4E9F25 /* [CP] Check Pods Manifest.lock */,
				04B5104129E6662500D3F81E /* Sources */,
				04B5104229E6662500D3F81E /* Frameworks */,
				04B5104329E6662500D3F81E /* Resources */,
				1867FD20D7968623CCD63092 /* [CP] Embed Pods Frameworks */,
			);
			buildRules = (
			);
			dependencies = (
			);
			name = Foody;
			productName = Foody;
			productReference = 04B5104529E6662500D3F81E /* Foody.app */;
			productType = "com.apple.product-type.application";
		};
/* End PBXNativeTarget section */

/* Begin PBXProject section */
		04B5103D29E6662500D3F81E /* Project object */ = {
			isa = PBXProject;
			attributes = {
				BuildIndependentTargetsInParallel = 1;
				LastSwiftUpdateCheck = 1410;
				LastUpgradeCheck = 1410;
				TargetAttributes = {
					04B5104429E6662500D3F81E = {
						CreatedOnToolsVersion = 14.1;
					};
				};
			};
			buildConfigurationList = 04B5104029E6662500D3F81E /* Build configuration list for PBXProject "Foody" */;
			compatibilityVersion = "Xcode 14.0";
			developmentRegion = en;
			hasScannedForEncodings = 0;
			knownRegions = (
				en,
				Base,
			);
			mainGroup = 04B5103C29E6662500D3F81E;
			productRefGroup = 04B5104629E6662500D3F81E /* Products */;
			projectDirPath = "";
			projectRoot = "";
			targets = (
				04B5104429E6662500D3F81E /* Foody */,
			);
		};
/* End PBXProject section */

/* Begin PBXResourcesBuildPhase section */
		04B5104329E6662500D3F81E /* Resources */ = {
			isa = PBXResourcesBuildPhase;
			buildActionMask = 2147483647;
			files = (
				04A84EB72A27278000F00F2E /* CategoryCollectionViewCell.xib in Resources */,
				04B2D74A2A30A5EA00EC32E6 /* DishListTableViewCell.xib in Resources */,
				04B5105829E6662700D3F81E /* LaunchScreen.storyboard in Resources */,
				048AA2E62A29D66C0052181F /* DishLandScapeCollectionViewCell.xib in Resources */,
				040353E62A28F6D500FFC16A /* DishPortraitCollectionViewCell.xib in Resources */,
				04B5105529E6662700D3F81E /* Assets.xcassets in Resources */,
				04B5105029E6662500D3F81E /* Main.storyboard in Resources */,
			);
			runOnlyForDeploymentPostprocessing = 0;
		};
/* End PBXResourcesBuildPhase section */

/* Begin PBXShellScriptBuildPhase section */
		1867FD20D7968623CCD63092 /* [CP] Embed Pods Frameworks */ = {
			isa = PBXShellScriptBuildPhase;
			buildActionMask = 2147483647;
			files = (
			);
			inputFileListPaths = (
				"${PODS_ROOT}/Target Support Files/Pods-Foody/Pods-Foody-frameworks-${CONFIGURATION}-input-files.xcfilelist",
			);
			name = "[CP] Embed Pods Frameworks";
			outputFileListPaths = (
				"${PODS_ROOT}/Target Support Files/Pods-Foody/Pods-Foody-frameworks-${CONFIGURATION}-output-files.xcfilelist",
			);
			runOnlyForDeploymentPostprocessing = 0;
			shellPath = /bin/sh;
			shellScript = "\"${PODS_ROOT}/Target Support Files/Pods-Foody/Pods-Foody-frameworks.sh\"\n";
			showEnvVarsInLog = 0;
		};
		CE4247E819DD62F65B4E9F25 /* [CP] Check Pods Manifest.lock */ = {
			isa = PBXShellScriptBuildPhase;
			buildActionMask = 2147483647;
			files = (
			);
			inputFileListPaths = (
			);
			inputPaths = (
				"${PODS_PODFILE_DIR_PATH}/Podfile.lock",
				"${PODS_ROOT}/Manifest.lock",
			);
			name = "[CP] Check Pods Manifest.lock";
			outputFileListPaths = (
			);
			outputPaths = (
				"$(DERIVED_FILE_DIR)/Pods-Foody-checkManifestLockResult.txt",
			);
			runOnlyForDeploymentPostprocessing = 0;
			shellPath = /bin/sh;
			shellScript = "diff \"${PODS_PODFILE_DIR_PATH}/Podfile.lock\" \"${PODS_ROOT}/Manifest.lock\" > /dev/null\nif [ $? != 0 ] ; then\n    # print error to STDERR\n    echo \"error: The sandbox is not in sync with the Podfile.lock. Run 'pod install' or update your CocoaPods installation.\" >&2\n    exit 1\nfi\n# This output is used by Xcode 'outputs' to avoid re-running this script phase.\necho \"SUCCESS\" > \"${SCRIPT_OUTPUT_FILE_0}\"\n";
			showEnvVarsInLog = 0;
		};
/* End PBXShellScriptBuildPhase section */

/* Begin PBXSourcesBuildPhase section */
		04B5104129E6662500D3F81E /* Sources */ = {
			isa = PBXSourcesBuildPhase;
			buildActionMask = 2147483647;
			files = (
				048B4D522A35093900B1EFC1 /* NetworkService.swift in Sources */,
				04B2D74D2A30AB1700EC32E6 /* ListDishesViewController.swift in Sources */,
				04B5104929E6662500D3F81E /* AppDelegate.swift in Sources */,
				04A84EBB2A27306000F00F2E /* String+Extension.swift in Sources */,
				04A84EB92A2729E000F00F2E /* DishCategory.swift in Sources */,
				041D55EE2A36F22B004B6AEE /* ApiResponse.swift in Sources */,
				049848602A2DEA52004AD938 /* DishDetailViewController.swift in Sources */,
				04A1226F2A2F0C3F009A52EB /* UIViewController+Extension.swift in Sources */,
				04707EA42A31BEFE00F9AE1E /* Order.swift in Sources */,
				048B4D562A350BD100B1EFC1 /* Method.swift in Sources */,
				04B2D7492A30A5EA00EC32E6 /* DishListTableViewCell.swift in Sources */,
				048B4D542A350A7700B1EFC1 /* Route.swift in Sources */,
				04707EA22A31BC0000F9AE1E /* ListOrdersViewController.swift in Sources */,
				041113B629E77AFD004E2603 /* OnboardingViewController.swift in Sources */,
				04B5104B29E6662500D3F81E /* SceneDelegate.swift in Sources */,
				049A187C2A2626CA00E3554E /* HomeViewController.swift in Sources */,
				040353E52A28F6D500FFC16A /* DishPortraitCollectionViewCell.swift in Sources */,
				04A84EB62A27278000F00F2E /* CategoryCollectionViewCell.swift in Sources */,
				046E6A3C2A361D7A00C84E6D /* AppError.swift in Sources */,
				047CC5DD2A38ADD5000215B9 /* AllDihes.swift in Sources */,
				041113BB29E78CCC004E2603 /* UIView+Extension.swift in Sources */,
				040353E82A293B4900FFC16A /* Dish.swift in Sources */,
				04B993782A39A6CA00097379 /* UserDefualts+Extension.swift in Sources */,
				045480DE2A3D092D00552725 /* SettingsViewController.swift in Sources */,
				048AA2E52A29D66C0052181F /* DishLandScapeCollectionViewCell.swift in Sources */,
				041113BD29E78E07004E2603 /* OnboardingSlide.swift in Sources */,
				041113BF29E79259004E2603 /* OnboardingCollectionViewCell.swift in Sources */,
				045740282A27744200696F87 /* CardView.swift in Sources */,
				04B5105329E6662600D3F81E /* Foody.xcdatamodeld in Sources */,
			);
			runOnlyForDeploymentPostprocessing = 0;
		};
/* End PBXSourcesBuildPhase section */

/* Begin PBXVariantGroup section */
		04B5104E29E6662500D3F81E /* Main.storyboard */ = {
			isa = PBXVariantGroup;
			children = (
				04B5104F29E6662500D3F81E /* Base */,
			);
			name = Main.storyboard;
			sourceTree = "<group>";
		};
		04B5105629E6662700D3F81E /* LaunchScreen.storyboard */ = {
			isa = PBXVariantGroup;
			children = (
				04B5105729E6662700D3F81E /* Base */,
			);
			name = LaunchScreen.storyboard;
			sourceTree = "<group>";
		};
/* End PBXVariantGroup section */

/* Begin XCBuildConfiguration section */
		04B5105A29E6662700D3F81E /* Debug */ = {
			isa = XCBuildConfiguration;
			buildSettings = {
				ALWAYS_SEARCH_USER_PATHS = NO;
				CLANG_ANALYZER_NONNULL = YES;
				CLANG_ANALYZER_NUMBER_OBJECT_CONVERSION = YES_AGGRESSIVE;
				CLANG_CXX_LANGUAGE_STANDARD = "gnu++20";
				CLANG_ENABLE_MODULES = YES;
				CLANG_ENABLE_OBJC_ARC = YES;
				CLANG_ENABLE_OBJC_WEAK = YES;
				CLANG_WARN_BLOCK_CAPTURE_AUTORELEASING = YES;
				CLANG_WARN_BOOL_CONVERSION = YES;
				CLANG_WARN_COMMA = YES;
				CLANG_WARN_CONSTANT_CONVERSION = YES;
				CLANG_WARN_DEPRECATED_OBJC_IMPLEMENTATIONS = YES;
				CLANG_WARN_DIRECT_OBJC_ISA_USAGE = YES_ERROR;
				CLANG_WARN_DOCUMENTATION_COMMENTS = YES;
				CLANG_WARN_EMPTY_BODY = YES;
				CLANG_WARN_ENUM_CONVERSION = YES;
				CLANG_WARN_INFINITE_RECURSION = YES;
				CLANG_WARN_INT_CONVERSION = YES;
				CLANG_WARN_NON_LITERAL_NULL_CONVERSION = YES;
				CLANG_WARN_OBJC_IMPLICIT_RETAIN_SELF = YES;
				CLANG_WARN_OBJC_LITERAL_CONVERSION = YES;
				CLANG_WARN_OBJC_ROOT_CLASS = YES_ERROR;
				CLANG_WARN_QUOTED_INCLUDE_IN_FRAMEWORK_HEADER = YES;
				CLANG_WARN_RANGE_LOOP_ANALYSIS = YES;
				CLANG_WARN_STRICT_PROTOTYPES = YES;
				CLANG_WARN_SUSPICIOUS_MOVE = YES;
				CLANG_WARN_UNGUARDED_AVAILABILITY = YES_AGGRESSIVE;
				CLANG_WARN_UNREACHABLE_CODE = YES;
				CLANG_WARN__DUPLICATE_METHOD_MATCH = YES;
				COPY_PHASE_STRIP = NO;
				DEBUG_INFORMATION_FORMAT = dwarf;
				ENABLE_STRICT_OBJC_MSGSEND = YES;
				ENABLE_TESTABILITY = YES;
				GCC_C_LANGUAGE_STANDARD = gnu11;
				GCC_DYNAMIC_NO_PIC = NO;
				GCC_NO_COMMON_BLOCKS = YES;
				GCC_OPTIMIZATION_LEVEL = 0;
				GCC_PREPROCESSOR_DEFINITIONS = (
					"DEBUG=1",
					"$(inherited)",
				);
				GCC_WARN_64_TO_32_BIT_CONVERSION = YES;
				GCC_WARN_ABOUT_RETURN_TYPE = YES_ERROR;
				GCC_WARN_UNDECLARED_SELECTOR = YES;
				GCC_WARN_UNINITIALIZED_AUTOS = YES_AGGRESSIVE;
				GCC_WARN_UNUSED_FUNCTION = YES;
				GCC_WARN_UNUSED_VARIABLE = YES;
				IPHONEOS_DEPLOYMENT_TARGET = 16.1;
				MTL_ENABLE_DEBUG_INFO = INCLUDE_SOURCE;
				MTL_FAST_MATH = YES;
				ONLY_ACTIVE_ARCH = YES;
				SDKROOT = iphoneos;
				SWIFT_ACTIVE_COMPILATION_CONDITIONS = DEBUG;
				SWIFT_OPTIMIZATION_LEVEL = "-Onone";
			};
			name = Debug;
		};
		04B5105B29E6662700D3F81E /* Release */ = {
			isa = XCBuildConfiguration;
			buildSettings = {
				ALWAYS_SEARCH_USER_PATHS = NO;
				CLANG_ANALYZER_NONNULL = YES;
				CLANG_ANALYZER_NUMBER_OBJECT_CONVERSION = YES_AGGRESSIVE;
				CLANG_CXX_LANGUAGE_STANDARD = "gnu++20";
				CLANG_ENABLE_MODULES = YES;
				CLANG_ENABLE_OBJC_ARC = YES;
				CLANG_ENABLE_OBJC_WEAK = YES;
				CLANG_WARN_BLOCK_CAPTURE_AUTORELEASING = YES;
				CLANG_WARN_BOOL_CONVERSION = YES;
				CLANG_WARN_COMMA = YES;
				CLANG_WARN_CONSTANT_CONVERSION = YES;
				CLANG_WARN_DEPRECATED_OBJC_IMPLEMENTATIONS = YES;
				CLANG_WARN_DIRECT_OBJC_ISA_USAGE = YES_ERROR;
				CLANG_WARN_DOCUMENTATION_COMMENTS = YES;
				CLANG_WARN_EMPTY_BODY = YES;
				CLANG_WARN_ENUM_CONVERSION = YES;
				CLANG_WARN_INFINITE_RECURSION = YES;
				CLANG_WARN_INT_CONVERSION = YES;
				CLANG_WARN_NON_LITERAL_NULL_CONVERSION = YES;
				CLANG_WARN_OBJC_IMPLICIT_RETAIN_SELF = YES;
				CLANG_WARN_OBJC_LITERAL_CONVERSION = YES;
				CLANG_WARN_OBJC_ROOT_CLASS = YES_ERROR;
				CLANG_WARN_QUOTED_INCLUDE_IN_FRAMEWORK_HEADER = YES;
				CLANG_WARN_RANGE_LOOP_ANALYSIS = YES;
				CLANG_WARN_STRICT_PROTOTYPES = YES;
				CLANG_WARN_SUSPICIOUS_MOVE = YES;
				CLANG_WARN_UNGUARDED_AVAILABILITY = YES_AGGRESSIVE;
				CLANG_WARN_UNREACHABLE_CODE = YES;
				CLANG_WARN__DUPLICATE_METHOD_MATCH = YES;
				COPY_PHASE_STRIP = NO;
				DEBUG_INFORMATION_FORMAT = "dwarf-with-dsym";
				ENABLE_NS_ASSERTIONS = NO;
				ENABLE_STRICT_OBJC_MSGSEND = YES;
				GCC_C_LANGUAGE_STANDARD = gnu11;
				GCC_NO_COMMON_BLOCKS = YES;
				GCC_WARN_64_TO_32_BIT_CONVERSION = YES;
				GCC_WARN_ABOUT_RETURN_TYPE = YES_ERROR;
				GCC_WARN_UNDECLARED_SELECTOR = YES;
				GCC_WARN_UNINITIALIZED_AUTOS = YES_AGGRESSIVE;
				GCC_WARN_UNUSED_FUNCTION = YES;
				GCC_WARN_UNUSED_VARIABLE = YES;
				IPHONEOS_DEPLOYMENT_TARGET = 16.1;
				MTL_ENABLE_DEBUG_INFO = NO;
				MTL_FAST_MATH = YES;
				SDKROOT = iphoneos;
				SWIFT_COMPILATION_MODE = wholemodule;
				SWIFT_OPTIMIZATION_LEVEL = "-O";
				VALIDATE_PRODUCT = YES;
			};
			name = Release;
		};
		04B5105D29E6662700D3F81E /* Debug */ = {
			isa = XCBuildConfiguration;
			baseConfigurationReference = 33F7B2EEFCECEE38AFEE0E32 /* Pods-Foody.debug.xcconfig */;
			buildSettings = {
				ASSETCATALOG_COMPILER_APPICON_NAME = AppIcon;
				ASSETCATALOG_COMPILER_GLOBAL_ACCENT_COLOR_NAME = AccentColor;
				CODE_SIGN_STYLE = Automatic;
				CURRENT_PROJECT_VERSION = 1;
				DEVELOPMENT_TEAM = TNGQ67CZ27;
				GENERATE_INFOPLIST_FILE = YES;
				INFOPLIST_FILE = Foody/Info.plist;
				INFOPLIST_KEY_CFBundleDisplayName = Foody;
				INFOPLIST_KEY_LSApplicationCategoryType = "public.app-category.food-and-drink";
				INFOPLIST_KEY_UIApplicationSupportsIndirectInputEvents = YES;
				INFOPLIST_KEY_UILaunchStoryboardName = LaunchScreen;
				INFOPLIST_KEY_UIMainStoryboardFile = Main;
				INFOPLIST_KEY_UISupportedInterfaceOrientations_iPad = "UIInterfaceOrientationPortrait UIInterfaceOrientationPortraitUpsideDown UIInterfaceOrientationLandscapeLeft UIInterfaceOrientationLandscapeRight";
				INFOPLIST_KEY_UISupportedInterfaceOrientations_iPhone = "UIInterfaceOrientationPortrait UIInterfaceOrientationLandscapeLeft UIInterfaceOrientationLandscapeRight";
				IPHONEOS_DEPLOYMENT_TARGET = 14.0;
				LD_RUNPATH_SEARCH_PATHS = (
					"$(inherited)",
					"@executable_path/Frameworks",
				);
				MARKETING_VERSION = 1.0;
				PRODUCT_BUNDLE_IDENTIFIER = com.hussam.Foody;
				PRODUCT_NAME = "$(TARGET_NAME)";
				SUPPORTED_PLATFORMS = "iphoneos iphonesimulator";
				SUPPORTS_MACCATALYST = NO;
				SUPPORTS_MAC_DESIGNED_FOR_IPHONE_IPAD = NO;
				SWIFT_EMIT_LOC_STRINGS = YES;
				SWIFT_VERSION = 5.0;
				TARGETED_DEVICE_FAMILY = 1;
			};
			name = Debug;
		};
		04B5105E29E6662700D3F81E /* Release */ = {
			isa = XCBuildConfiguration;
			baseConfigurationReference = F5533367AB06044762D667EC /* Pods-Foody.release.xcconfig */;
			buildSettings = {
				ASSETCATALOG_COMPILER_APPICON_NAME = AppIcon;
				ASSETCATALOG_COMPILER_GLOBAL_ACCENT_COLOR_NAME = AccentColor;
				CODE_SIGN_STYLE = Automatic;
				CURRENT_PROJECT_VERSION = 1;
				DEVELOPMENT_TEAM = TNGQ67CZ27;
				GENERATE_INFOPLIST_FILE = YES;
				INFOPLIST_FILE = Foody/Info.plist;
				INFOPLIST_KEY_CFBundleDisplayName = Foody;
				INFOPLIST_KEY_LSApplicationCategoryType = "public.app-category.food-and-drink";
				INFOPLIST_KEY_UIApplicationSupportsIndirectInputEvents = YES;
				INFOPLIST_KEY_UILaunchStoryboardName = LaunchScreen;
				INFOPLIST_KEY_UIMainStoryboardFile = Main;
				INFOPLIST_KEY_UISupportedInterfaceOrientations_iPad = "UIInterfaceOrientationPortrait UIInterfaceOrientationPortraitUpsideDown UIInterfaceOrientationLandscapeLeft UIInterfaceOrientationLandscapeRight";
				INFOPLIST_KEY_UISupportedInterfaceOrientations_iPhone = "UIInterfaceOrientationPortrait UIInterfaceOrientationLandscapeLeft UIInterfaceOrientationLandscapeRight";
				IPHONEOS_DEPLOYMENT_TARGET = 14.0;
				LD_RUNPATH_SEARCH_PATHS = (
					"$(inherited)",
					"@executable_path/Frameworks",
				);
				MARKETING_VERSION = 1.0;
				PRODUCT_BUNDLE_IDENTIFIER = com.hussam.Foody;
				PRODUCT_NAME = "$(TARGET_NAME)";
				SUPPORTED_PLATFORMS = "iphoneos iphonesimulator";
				SUPPORTS_MACCATALYST = NO;
				SUPPORTS_MAC_DESIGNED_FOR_IPHONE_IPAD = NO;
				SWIFT_EMIT_LOC_STRINGS = YES;
				SWIFT_VERSION = 5.0;
				TARGETED_DEVICE_FAMILY = 1;
			};
			name = Release;
		};
/* End XCBuildConfiguration section */

/* Begin XCConfigurationList section */
		04B5104029E6662500D3F81E /* Build configuration list for PBXProject "Foody" */ = {
			isa = XCConfigurationList;
			buildConfigurations = (
				04B5105A29E6662700D3F81E /* Debug */,
				04B5105B29E6662700D3F81E /* Release */,
			);
			defaultConfigurationIsVisible = 0;
			defaultConfigurationName = Release;
		};
		04B5105C29E6662700D3F81E /* Build configuration list for PBXNativeTarget "Foody" */ = {
			isa = XCConfigurationList;
			buildConfigurations = (
				04B5105D29E6662700D3F81E /* Debug */,
				04B5105E29E6662700D3F81E /* Release */,
			);
			defaultConfigurationIsVisible = 0;
			defaultConfigurationName = Release;
		};
/* End XCConfigurationList section */

/* Begin XCVersionGroup section */
		04B5105129E6662600D3F81E /* Foody.xcdatamodeld */ = {
			isa = XCVersionGroup;
			children = (
				04B5105229E6662600D3F81E /* Foody.xcdatamodel */,
			);
			currentVersion = 04B5105229E6662600D3F81E /* Foody.xcdatamodel */;
			path = Foody.xcdatamodeld;
			sourceTree = "<group>";
			versionGroupType = wrapper.xcdatamodel;
		};
/* End XCVersionGroup section */
	};
	rootObject = 04B5103D29E6662500D3F81E /* Project object */;
}
